
Microsoft Visual Studio Solution File, Format Version 12.00
# Visual Studio 14
VisualStudioVersion = 14.0.25420.1
MinimumVisualStudioVersion = 10.0.40219.1
Project("{2150E333-8FDC-42A3-9474-1A3956D46DE8}") = "src", "src", "{6766BC47-1AA4-4919-BBC5-07A455A53BF5}"
EndProject
Project("{2150E333-8FDC-42A3-9474-1A3956D46DE8}") = "Solution Items", "Solution Items", "{5D50655C-47A2-41B1-B748-DB29B9541B13}"
	ProjectSection(SolutionItems) = preProject
		global.json = global.json
	EndProjectSection
EndProject
Project("{8BB2217D-0F2D-49D1-97BC-3654ED321F3B}") = "brollop2017", "src\brollop2017\brollop2017.xproj", "{0088BB6B-D6F3-46C6-A30F-7598B6DAB145}"
EndProject
Global
	GlobalSection(SolutionConfigurationPlatforms) = preSolution
		Debug|Any CPU = Debug|Any CPU
		Release|Any CPU = Release|Any CPU
	EndGlobalSection
	GlobalSection(ProjectConfigurationPlatforms) = postSolution
		{0088BB6B-D6F3-46C6-A30F-7598B6DAB145}.Debug|Any CPU.ActiveCfg = Debug|Any CPU
		{0088BB6B-D6F3-46C6-A30F-7598B6DAB145}.Debug|Any CPU.Build.0 = Debug|Any CPU
		{0088BB6B-D6F3-46C6-A30F-7598B6DAB145}.Release|Any CPU.ActiveCfg = Release|Any CPU
		{0088BB6B-D6F3-46C6-A30F-7598B6DAB145}.Release|Any CPU.Build.0 = Release|Any CPU
	EndGlobalSection
	GlobalSection(SolutionProperties) = preSolution
		HideSolutionNode = FALSE
	EndGlobalSection
	GlobalSection(NestedProjects) = preSolution
		{0088BB6B-D6F3-46C6-A30F-7598B6DAB145} = {6766BC47-1AA4-4919-BBC5-07A455A53BF5}
	EndGlobalSection
EndGlobal
